{
  "name": "node",
  "version": "1.0.0",
  "lockfileVersion": 2,
  "requires": true,
  "packages": {
    "": {
      "name": "node",
      "version": "1.0.0",
      "license": "ISC",
      "dependencies": {
        "dotenv": "^16.0.3",
        "nodemailer": "^6.9.0"
      }
    },
    "node_modules/dotenv": {
      "version": "16.0.3",
      "resolved": "https://registry.npmjs.org/dotenv/-/dotenv-16.0.3.tgz",
      "integrity": "sha512-7GO6HghkA5fYG9TYnNxi14/7K9f5occMlp3zXAuSxn7CKCxt9xbNWG7yF8hTCSUchlfWSe3uLmlPfigevRItzQ==",
      "engines": {
        "node": ">=12"
      }
    },
    "node_modules/nodemailer": {
      "version": "6.9.0",
      "resolved": "https://registry.npmjs.org/nodemailer/-/nodemailer-6.9.0.tgz",
      "integrity": "sha512-jFaCEGTeT3E/m/5R2MHWiyQH3pSARECRUDM+1hokOYc3lQAAG7ASuy+2jIsYVf+RVa9zePopSQwKNVFH8DKUpA==",
      "engines": {
        "node": ">=6.0.0"
      }
    }
  },
  "dependencies": {
    "dotenv": {
      "version": "16.0.3",
      "resolved": "https://registry.npmjs.org/dotenv/-/dotenv-16.0.3.tgz",
      "integrity": "sha512-7GO6HghkA5fYG9TYnNxi14/7K9f5occMlp3zXAuSxn7CKCxt9xbNWG7yF8hTCSUchlfWSe3uLmlPfigevRItzQ=="
    },
    "nodemailer": {
      "version": "6.9.0",
      "resolved": "https://registry.npmjs.org/nodemailer/-/nodemailer-6.9.0.tgz",
      "integrity": "sha512-jFaCEGTeT3E/m/5R2MHWiyQH3pSARECRUDM+1hokOYc3lQAAG7ASuy+2jIsYVf+RVa9zePopSQwKNVFH8DKUpA=="
    }
  }
}
